// !$*UTF8*$!
{
	archiveVersion = 1;
	classes = {
	};
	objectVersion = 56;
	objects = {

/* Begin PBXBuildFile section */
		520A96ED2B78739D009A774A /* DetailView.swift in Sources */ = {isa = PBXBuildFile; fileRef = 520A96EC2B78739D009A774A /* DetailView.swift */; };
		520A96EF2B7DDBB9009A774A /* DetailEditView.swift in Sources */ = {isa = PBXBuildFile; fileRef = 520A96EE2B7DDBB9009A774A /* DetailEditView.swift */; };
		525FDF6C2B66E0180033E6EB /* ScrumdingerApp.swift in Sources */ = {isa = PBXBuildFile; fileRef = 525FDF6B2B66E0180033E6EB /* ScrumdingerApp.swift */; };
		525FDF6E2B66E0180033E6EB /* MeetingView.swift in Sources */ = {isa = PBXBuildFile; fileRef = 525FDF6D2B66E0180033E6EB /* MeetingView.swift */; };
		525FDF702B66E0190033E6EB /* Assets.xcassets in Resources */ = {isa = PBXBuildFile; fileRef = 525FDF6F2B66E0190033E6EB /* Assets.xcassets */; };
		525FDF732B66E0190033E6EB /* Preview Assets.xcassets in Resources */ = {isa = PBXBuildFile; fileRef = 525FDF722B66E0190033E6EB /* Preview Assets.xcassets */; };
		525FDF7D2B66E01A0033E6EB /* ScrumdingerTests.swift in Sources */ = {isa = PBXBuildFile; fileRef = 525FDF7C2B66E01A0033E6EB /* ScrumdingerTests.swift */; };
		525FDF872B66E01A0033E6EB /* ScrumdingerUITests.swift in Sources */ = {isa = PBXBuildFile; fileRef = 525FDF862B66E01A0033E6EB /* ScrumdingerUITests.swift */; };
		525FDF892B66E01A0033E6EB /* ScrumdingerUITestsLaunchTests.swift in Sources */ = {isa = PBXBuildFile; fileRef = 525FDF882B66E01A0033E6EB /* ScrumdingerUITestsLaunchTests.swift */; };
		525FDF972B66F6A40033E6EB /* Theme.swift in Sources */ = {isa = PBXBuildFile; fileRef = 525FDF962B66F6A40033E6EB /* Theme.swift */; };
		525FDF992B66F7E40033E6EB /* DailyScrum.swift in Sources */ = {isa = PBXBuildFile; fileRef = 525FDF982B66F7E40033E6EB /* DailyScrum.swift */; };
		525FDF9B2B66F8C10033E6EB /* CardView.swift in Sources */ = {isa = PBXBuildFile; fileRef = 525FDF9A2B66F8C10033E6EB /* CardView.swift */; };
		525FDF9D2B66FCD80033E6EB /* TrailingIconLabelStyle.swift in Sources */ = {isa = PBXBuildFile; fileRef = 525FDF9C2B66FCD80033E6EB /* TrailingIconLabelStyle.swift */; };
		52D7D0452B74E60A00E4DFD4 /* ScrumsView.swift in Sources */ = {isa = PBXBuildFile; fileRef = 52D7D0442B74E60A00E4DFD4 /* ScrumsView.swift */; };
/* End PBXBuildFile section */

/* Begin PBXContainerItemProxy section */
		525FDF792B66E01A0033E6EB /* PBXContainerItemProxy */ = {
			isa = PBXContainerItemProxy;
			containerPortal = 525FDF602B66E0180033E6EB /* Project object */;
			proxyType = 1;
			remoteGlobalIDString = 525FDF672B66E0180033E6EB;
			remoteInfo = Scrumdinger;
		};
		525FDF832B66E01A0033E6EB /* PBXContainerItemProxy */ = {
			isa = PBXContainerItemProxy;
			containerPortal = 525FDF602B66E0180033E6EB /* Project object */;
			proxyType = 1;
			remoteGlobalIDString = 525FDF672B66E0180033E6EB;
			remoteInfo = Scrumdinger;
		};
/* End PBXContainerItemProxy section */

/* Begin PBXFileReference section */
		520A96EC2B78739D009A774A /* DetailView.swift */ = {isa = PBXFileReference; lastKnownFileType = sourcecode.swift; path = DetailView.swift; sourceTree = "<group>"; };
		520A96EE2B7DDBB9009A774A /* DetailEditView.swift */ = {isa = PBXFileReference; lastKnownFileType = sourcecode.swift; path = DetailEditView.swift; sourceTree = "<group>"; };
		525FDF682B66E0180033E6EB /* Scrumdinger.app */ = {isa = PBXFileReference; explicitFileType = wrapper.application; includeInIndex = 0; path = Scrumdinger.app; sourceTree = BUILT_PRODUCTS_DIR; };
		525FDF6B2B66E0180033E6EB /* ScrumdingerApp.swift */ = {isa = PBXFileReference; lastKnownFileType = sourcecode.swift; path = ScrumdingerApp.swift; sourceTree = "<group>"; };
		525FDF6D2B66E0180033E6EB /* MeetingView.swift */ = {isa = PBXFileReference; lastKnownFileType = sourcecode.swift; path = MeetingView.swift; sourceTree = "<group>"; };
		525FDF6F2B66E0190033E6EB /* Assets.xcassets */ = {isa = PBXFileReference; lastKnownFileType = folder.assetcatalog; path = Assets.xcassets; sourceTree = "<group>"; };
		525FDF722B66E0190033E6EB /* Preview Assets.xcassets */ = {isa = PBXFileReference; lastKnownFileType = folder.assetcatalog; path = "Preview Assets.xcassets"; sourceTree = "<group>"; };
		525FDF782B66E01A0033E6EB /* ScrumdingerTests.xctest */ = {isa = PBXFileReference; explicitFileType = wrapper.cfbundle; includeInIndex = 0; path = ScrumdingerTests.xctest; sourceTree = BUILT_PRODUCTS_DIR; };
		525FDF7C2B66E01A0033E6EB /* ScrumdingerTests.swift */ = {isa = PBXFileReference; lastKnownFileType = sourcecode.swift; path = ScrumdingerTests.swift; sourceTree = "<group>"; };
		525FDF822B66E01A0033E6EB /* ScrumdingerUITests.xctest */ = {isa = PBXFileReference; explicitFileType = wrapper.cfbundle; includeInIndex = 0; path = ScrumdingerUITests.xctest; sourceTree = BUILT_PRODUCTS_DIR; };
		525FDF862B66E01A0033E6EB /* ScrumdingerUITests.swift */ = {isa = PBXFileReference; lastKnownFileType = sourcecode.swift; path = ScrumdingerUITests.swift; sourceTree = "<group>"; };
		525FDF882B66E01A0033E6EB /* ScrumdingerUITestsLaunchTests.swift */ = {isa = PBXFileReference; lastKnownFileType = sourcecode.swift; path = ScrumdingerUITestsLaunchTests.swift; sourceTree = "<group>"; };
		525FDF962B66F6A40033E6EB /* Theme.swift */ = {isa = PBXFileReference; lastKnownFileType = sourcecode.swift; path = Theme.swift; sourceTree = "<group>"; };
		525FDF982B66F7E40033E6EB /* DailyScrum.swift */ = {isa = PBXFileReference; lastKnownFileType = sourcecode.swift; path = DailyScrum.swift; sourceTree = "<group>"; };
		525FDF9A2B66F8C10033E6EB /* CardView.swift */ = {isa = PBXFileReference; lastKnownFileType = sourcecode.swift; path = CardView.swift; sourceTree = "<group>"; };
		525FDF9C2B66FCD80033E6EB /* TrailingIconLabelStyle.swift */ = {isa = PBXFileReference; lastKnownFileType = sourcecode.swift; path = TrailingIconLabelStyle.swift; sourceTree = "<group>"; };
		52D7D0442B74E60A00E4DFD4 /* ScrumsView.swift */ = {isa = PBXFileReference; lastKnownFileType = sourcecode.swift; path = ScrumsView.swift; sourceTree = "<group>"; };
/* End PBXFileReference section */

/* Begin PBXFrameworksBuildPhase section */
		525FDF652B66E0180033E6EB /* Frameworks */ = {
			isa = PBXFrameworksBuildPhase;
			buildActionMask = 2147483647;
			files = (
			);
			runOnlyForDeploymentPostprocessing = 0;
		};
		525FDF752B66E01A0033E6EB /* Frameworks */ = {
			isa = PBXFrameworksBuildPhase;
			buildActionMask = 2147483647;
			files = (
			);
			runOnlyForDeploymentPostprocessing = 0;
		};
		525FDF7F2B66E01A0033E6EB /* Frameworks */ = {
			isa = PBXFrameworksBuildPhase;
			buildActionMask = 2147483647;
			files = (
			);
			runOnlyForDeploymentPostprocessing = 0;
		};
/* End PBXFrameworksBuildPhase section */

/* Begin PBXGroup section */
		525FDF5F2B66E0180033E6EB = {
			isa = PBXGroup;
			children = (
				525FDF6A2B66E0180033E6EB /* Scrumdinger */,
				525FDF7B2B66E01A0033E6EB /* ScrumdingerTests */,
				525FDF852B66E01A0033E6EB /* ScrumdingerUITests */,
				525FDF692B66E0180033E6EB /* Products */,
			);
			sourceTree = "<group>";
		};
		525FDF692B66E0180033E6EB /* Products */ = {
			isa = PBXGroup;
			children = (
				525FDF682B66E0180033E6EB /* Scrumdinger.app */,
				525FDF782B66E01A0033E6EB /* ScrumdingerTests.xctest */,
				525FDF822B66E01A0033E6EB /* ScrumdingerUITests.xctest */,
			);
			name = Products;
			sourceTree = "<group>";
		};
		525FDF6A2B66E0180033E6EB /* Scrumdinger */ = {
			isa = PBXGroup;
			children = (
				525FDF952B66F6710033E6EB /* Models */,
				525FDF6B2B66E0180033E6EB /* ScrumdingerApp.swift */,
				525FDF6D2B66E0180033E6EB /* MeetingView.swift */,
				525FDF6F2B66E0190033E6EB /* Assets.xcassets */,
				525FDF712B66E0190033E6EB /* Preview Content */,
				525FDF9A2B66F8C10033E6EB /* CardView.swift */,
				525FDF9C2B66FCD80033E6EB /* TrailingIconLabelStyle.swift */,
				52D7D0442B74E60A00E4DFD4 /* ScrumsView.swift */,
				520A96EC2B78739D009A774A /* DetailView.swift */,
				520A96EE2B7DDBB9009A774A /* DetailEditView.swift */,
			);
			path = Scrumdinger;
			sourceTree = "<group>";
		};
		525FDF712B66E0190033E6EB /* Preview Content */ = {
			isa = PBXGroup;
			children = (
				525FDF722B66E0190033E6EB /* Preview Assets.xcassets */,
			);
			path = "Preview Content";
			sourceTree = "<group>";
		};
		525FDF7B2B66E01A0033E6EB /* ScrumdingerTests */ = {
			isa = PBXGroup;
			children = (
				525FDF7C2B66E01A0033E6EB /* ScrumdingerTests.swift */,
			);
			path = ScrumdingerTests;
			sourceTree = "<group>";
		};
		525FDF852B66E01A0033E6EB /* ScrumdingerUITests */ = {
			isa = PBXGroup;
			children = (
				525FDF862B66E01A0033E6EB /* ScrumdingerUITests.swift */,
				525FDF882B66E01A0033E6EB /* ScrumdingerUITestsLaunchTests.swift */,
			);
			path = ScrumdingerUITests;
			sourceTree = "<group>";
		};
		525FDF952B66F6710033E6EB /* Models */ = {
			isa = PBXGroup;
			children = (
				525FDF962B66F6A40033E6EB /* Theme.swift */,
				525FDF982B66F7E40033E6EB /* DailyScrum.swift */,
			);
			path = Models;
			sourceTree = "<group>";
		};
/* End PBXGroup section */

/* Begin PBXNativeTarget section */
		525FDF672B66E0180033E6EB /* Scrumdinger */ = {
			isa = PBXNativeTarget;
			buildConfigurationList = 525FDF8C2B66E01A0033E6EB /* Build configuration list for PBXNativeTarget "Scrumdinger" */;
			buildPhases = (
				525FDF642B66E0180033E6EB /* Sources */,
				525FDF652B66E0180033E6EB /* Frameworks */,
				525FDF662B66E0180033E6EB /* Resources */,
			);
			buildRules = (
			);
			dependencies = (
			);
			name = Scrumdinger;
			productName = Scrumdinger;
			productReference = 525FDF682B66E0180033E6EB /* Scrumdinger.app */;
			productType = "com.apple.product-type.application";
		};
		525FDF772B66E01A0033E6EB /* ScrumdingerTests */ = {
			isa = PBXNativeTarget;
			buildConfigurationList = 525FDF8F2B66E01A0033E6EB /* Build configuration list for PBXNativeTarget "ScrumdingerTests" */;
			buildPhases = (
				525FDF742B66E01A0033E6EB /* Sources */,
				525FDF752B66E01A0033E6EB /* Frameworks */,
				525FDF762B66E01A0033E6EB /* Resources */,
			);
			buildRules = (
			);
			dependencies = (
				525FDF7A2B66E01A0033E6EB /* PBXTargetDependency */,
			);
			name = ScrumdingerTests;
			productName = ScrumdingerTests;
			productReference = 525FDF782B66E01A0033E6EB /* ScrumdingerTests.xctest */;
			productType = "com.apple.product-type.bundle.unit-test";
		};
		525FDF812B66E01A0033E6EB /* ScrumdingerUITests */ = {
			isa = PBXNativeTarget;
			buildConfigurationList = 525FDF922B66E01A0033E6EB /* Build configuration list for PBXNativeTarget "ScrumdingerUITests" */;
			buildPhases = (
				525FDF7E2B66E01A0033E6EB /* Sources */,
				525FDF7F2B66E01A0033E6EB /* Frameworks */,
				525FDF802B66E01A0033E6EB /* Resources */,
			);
			buildRules = (
			);
			dependencies = (
				525FDF842B66E01A0033E6EB /* PBXTargetDependency */,
			);
			name = ScrumdingerUITests;
			productName = ScrumdingerUITests;
			productReference = 525FDF822B66E01A0033E6EB /* ScrumdingerUITests.xctest */;
			productType = "com.apple.product-type.bundle.ui-testing";
		};
/* End PBXNativeTarget section */

/* Begin PBXProject section */
		525FDF602B66E0180033E6EB /* Project object */ = {
			isa = PBXProject;
			attributes = {
				BuildIndependentTargetsInParallel = 1;
				LastSwiftUpdateCheck = 1520;
				LastUpgradeCheck = 1520;
				TargetAttributes = {
					525FDF672B66E0180033E6EB = {
						CreatedOnToolsVersion = 15.2;
					};
					525FDF772B66E01A0033E6EB = {
						CreatedOnToolsVersion = 15.2;
						TestTargetID = 525FDF672B66E0180033E6EB;
					};
					525FDF812B66E01A0033E6EB = {
						CreatedOnToolsVersion = 15.2;
						TestTargetID = 525FDF672B66E0180033E6EB;
					};
				};
			};
			buildConfigurationList = 525FDF632B66E0180033E6EB /* Build configuration list for PBXProject "Scrumdinger" */;
			compatibilityVersion = "Xcode 14.0";
			developmentRegion = en;
			hasScannedForEncodings = 0;
			knownRegions = (
				en,
				Base,
			);
			mainGroup = 525FDF5F2B66E0180033E6EB;
			productRefGroup = 525FDF692B66E0180033E6EB /* Products */;
			projectDirPath = "";
			projectRoot = "";
			targets = (
				525FDF672B66E0180033E6EB /* Scrumdinger */,
				525FDF772B66E01A0033E6EB /* ScrumdingerTests */,
				525FDF812B66E01A0033E6EB /* ScrumdingerUITests */,
			);
		};
/* End PBXProject section */

/* Begin PBXResourcesBuildPhase section */
		525FDF662B66E0180033E6EB /* Resources */ = {
			isa = PBXResourcesBuildPhase;
			buildActionMask = 2147483647;
			files = (
				525FDF732B66E0190033E6EB /* Preview Assets.xcassets in Resources */,
				525FDF702B66E0190033E6EB /* Assets.xcassets in Resources */,
			);
			runOnlyForDeploymentPostprocessing = 0;
		};
		525FDF762B66E01A0033E6EB /* Resources */ = {
			isa = PBXResourcesBuildPhase;
			buildActionMask = 2147483647;
			files = (
			);
			runOnlyForDeploymentPostprocessing = 0;
		};
		525FDF802B66E01A0033E6EB /* Resources */ = {
			isa = PBXResourcesBuildPhase;
			buildActionMask = 2147483647;
			files = (
			);
			runOnlyForDeploymentPostprocessing = 0;
		};
/* End PBXResourcesBuildPhase section */

/* Begin PBXSourcesBuildPhase section */
		525FDF642B66E0180033E6EB /* Sources */ = {
			isa = PBXSourcesBuildPhase;
			buildActionMask = 2147483647;
			files = (
				525FDF992B66F7E40033E6EB /* DailyScrum.swift in Sources */,
				520A96ED2B78739D009A774A /* DetailView.swift in Sources */,
				520A96EF2B7DDBB9009A774A /* DetailEditView.swift in Sources */,
				52D7D0452B74E60A00E4DFD4 /* ScrumsView.swift in Sources */,
				525FDF9D2B66FCD80033E6EB /* TrailingIconLabelStyle.swift in Sources */,
				525FDF972B66F6A40033E6EB /* Theme.swift in Sources */,
				525FDF6E2B66E0180033E6EB /* MeetingView.swift in Sources */,
				525FDF6C2B66E0180033E6EB /* ScrumdingerApp.swift in Sources */,
				525FDF9B2B66F8C10033E6EB /* CardView.swift in Sources */,
			);
			runOnlyForDeploymentPostprocessing = 0;
		};
		525FDF742B66E01A0033E6EB /* Sources */ = {
			isa = PBXSourcesBuildPhase;
			buildActionMask = 2147483647;
			files = (
				525FDF7D2B66E01A0033E6EB /* ScrumdingerTests.swift in Sources */,
			);
			runOnlyForDeploymentPostprocessing = 0;
		};
		525FDF7E2B66E01A0033E6EB /* Sources */ = {
			isa = PBXSourcesBuildPhase;
			buildActionMask = 2147483647;
			files = (
				525FDF892B66E01A0033E6EB /* ScrumdingerUITestsLaunchTests.swift in Sources */,
				525FDF872B66E01A0033E6EB /* ScrumdingerUITests.swift in Sources */,
			);
			runOnlyForDeploymentPostprocessing = 0;
		};
/* End PBXSourcesBuildPhase section */

/* Begin PBXTargetDependency section */
		525FDF7A2B66E01A0033E6EB /* PBXTargetDependency */ = {
			isa = PBXTargetDependency;
			target = 525FDF672B66E0180033E6EB /* Scrumdinger */;
			targetProxy = 525FDF792B66E01A0033E6EB /* PBXContainerItemProxy */;
		};
		525FDF842B66E01A0033E6EB /* PBXTargetDependency */ = {
			isa = PBXTargetDependency;
			target = 525FDF672B66E0180033E6EB /* Scrumdinger */;
			targetProxy = 525FDF832B66E01A0033E6EB /* PBXContainerItemProxy */;
		};
/* End PBXTargetDependency section */

/* Begin XCBuildConfiguration section */
		525FDF8A2B66E01A0033E6EB /* Debug */ = {
			isa = XCBuildConfiguration;
			buildSettings = {
				ALWAYS_SEARCH_USER_PATHS = NO;
				ASSETCATALOG_COMPILER_GENERATE_SWIFT_ASSET_SYMBOL_EXTENSIONS = YES;
				CLANG_ANALYZER_NONNULL = YES;
				CLANG_ANALYZER_NUMBER_OBJECT_CONVERSION = YES_AGGRESSIVE;
				CLANG_CXX_LANGUAGE_STANDARD = "gnu++20";
				CLANG_ENABLE_MODULES = YES;
				CLANG_ENABLE_OBJC_ARC = YES;
				CLANG_ENABLE_OBJC_WEAK = YES;
				CLANG_WARN_BLOCK_CAPTURE_AUTORELEASING = YES;
				CLANG_WARN_BOOL_CONVERSION = YES;
				CLANG_WARN_COMMA = YES;
				CLANG_WARN_CONSTANT_CONVERSION = YES;
				CLANG_WARN_DEPRECATED_OBJC_IMPLEMENTATIONS = YES;
				CLANG_WARN_DIRECT_OBJC_ISA_USAGE = YES_ERROR;
				CLANG_WARN_DOCUMENTATION_COMMENTS = YES;
				CLANG_WARN_EMPTY_BODY = YES;
				CLANG_WARN_ENUM_CONVERSION = YES;
				CLANG_WARN_INFINITE_RECURSION = YES;
				CLANG_WARN_INT_CONVERSION = YES;
				CLANG_WARN_NON_LITERAL_NULL_CONVERSION = YES;
				CLANG_WARN_OBJC_IMPLICIT_RETAIN_SELF = YES;
				CLANG_WARN_OBJC_LITERAL_CONVERSION = YES;
				CLANG_WARN_OBJC_ROOT_CLASS = YES_ERROR;
				CLANG_WARN_QUOTED_INCLUDE_IN_FRAMEWORK_HEADER = YES;
				CLANG_WARN_RANGE_LOOP_ANALYSIS = YES;
				CLANG_WARN_STRICT_PROTOTYPES = YES;
				CLANG_WARN_SUSPICIOUS_MOVE = YES;
				CLANG_WARN_UNGUARDED_AVAILABILITY = YES_AGGRESSIVE;
				CLANG_WARN_UNREACHABLE_CODE = YES;
				CLANG_WARN__DUPLICATE_METHOD_MATCH = YES;
				COPY_PHASE_STRIP = NO;
				DEBUG_INFORMATION_FORMAT = dwarf;
				ENABLE_STRICT_OBJC_MSGSEND = YES;
				ENABLE_TESTABILITY = YES;
				ENABLE_USER_SCRIPT_SANDBOXING = YES;
				GCC_C_LANGUAGE_STANDARD = gnu17;
				GCC_DYNAMIC_NO_PIC = NO;
				GCC_NO_COMMON_BLOCKS = YES;
				GCC_OPTIMIZATION_LEVEL = 0;
				GCC_PREPROCESSOR_DEFINITIONS = (
					"DEBUG=1",
					"$(inherited)",
				);
				GCC_WARN_64_TO_32_BIT_CONVERSION = YES;
				GCC_WARN_ABOUT_RETURN_TYPE = YES_ERROR;
				GCC_WARN_UNDECLARED_SELECTOR = YES;
				GCC_WARN_UNINITIALIZED_AUTOS = YES_AGGRESSIVE;
				GCC_WARN_UNUSED_FUNCTION = YES;
				GCC_WARN_UNUSED_VARIABLE = YES;
				IPHONEOS_DEPLOYMENT_TARGET = 17.2;
				LOCALIZATION_PREFERS_STRING_CATALOGS = YES;
				MTL_ENABLE_DEBUG_INFO = INCLUDE_SOURCE;
				MTL_FAST_MATH = YES;
				ONLY_ACTIVE_ARCH = YES;
				SDKROOT = iphoneos;
				SWIFT_ACTIVE_COMPILATION_CONDITIONS = "DEBUG $(inherited)";
				SWIFT_OPTIMIZATION_LEVEL = "-Onone";
			};
			name = Debug;
		};
		525FDF8B2B66E01A0033E6EB /* Release */ = {
			isa = XCBuildConfiguration;
			buildSettings = {
				ALWAYS_SEARCH_USER_PATHS = NO;
				ASSETCATALOG_COMPILER_GENERATE_SWIFT_ASSET_SYMBOL_EXTENSIONS = YES;
				CLANG_ANALYZER_NONNULL = YES;
				CLANG_ANALYZER_NUMBER_OBJECT_CONVERSION = YES_AGGRESSIVE;
				CLANG_CXX_LANGUAGE_STANDARD = "gnu++20";
				CLANG_ENABLE_MODULES = YES;
				CLANG_ENABLE_OBJC_ARC = YES;
				CLANG_ENABLE_OBJC_WEAK = YES;
				CLANG_WARN_BLOCK_CAPTURE_AUTORELEASING = YES;
				CLANG_WARN_BOOL_CONVERSION = YES;
				CLANG_WARN_COMMA = YES;
				CLANG_WARN_CONSTANT_CONVERSION = YES;
				CLANG_WARN_DEPRECATED_OBJC_IMPLEMENTATIONS = YES;
				CLANG_WARN_DIRECT_OBJC_ISA_USAGE = YES_ERROR;
				CLANG_WARN_DOCUMENTATION_COMMENTS = YES;
				CLANG_WARN_EMPTY_BODY = YES;
				CLANG_WARN_ENUM_CONVERSION = YES;
				CLANG_WARN_INFINITE_RECURSION = YES;
				CLANG_WARN_INT_CONVERSION = YES;
				CLANG_WARN_NON_LITERAL_NULL_CONVERSION = YES;
				CLANG_WARN_OBJC_IMPLICIT_RETAIN_SELF = YES;
				CLANG_WARN_OBJC_LITERAL_CONVERSION = YES;
				CLANG_WARN_OBJC_ROOT_CLASS = YES_ERROR;
				CLANG_WARN_QUOTED_INCLUDE_IN_FRAMEWORK_HEADER = YES;
				CLANG_WARN_RANGE_LOOP_ANALYSIS = YES;
				CLANG_WARN_STRICT_PROTOTYPES = YES;
				CLANG_WARN_SUSPICIOUS_MOVE = YES;
				CLANG_WARN_UNGUARDED_AVAILABILITY = YES_AGGRESSIVE;
				CLANG_WARN_UNREACHABLE_CODE = YES;
				CLANG_WARN__DUPLICATE_METHOD_MATCH = YES;
				COPY_PHASE_STRIP = NO;
				DEBUG_INFORMATION_FORMAT = "dwarf-with-dsym";
				ENABLE_NS_ASSERTIONS = NO;
				ENABLE_STRICT_OBJC_MSGSEND = YES;
				ENABLE_USER_SCRIPT_SANDBOXING = YES;
				GCC_C_LANGUAGE_STANDARD = gnu17;
				GCC_NO_COMMON_BLOCKS = YES;
				GCC_WARN_64_TO_32_BIT_CONVERSION = YES;
				GCC_WARN_ABOUT_RETURN_TYPE = YES_ERROR;
				GCC_WARN_UNDECLARED_SELECTOR = YES;
				GCC_WARN_UNINITIALIZED_AUTOS = YES_AGGRESSIVE;
				GCC_WARN_UNUSED_FUNCTION = YES;
				GCC_WARN_UNUSED_VARIABLE = YES;
				IPHONEOS_DEPLOYMENT_TARGET = 17.2;
				LOCALIZATION_PREFERS_STRING_CATALOGS = YES;
				MTL_ENABLE_DEBUG_INFO = NO;
				MTL_FAST_MATH = YES;
				SDKROOT = iphoneos;
				SWIFT_COMPILATION_MODE = wholemodule;
				VALIDATE_PRODUCT = YES;
			};
			name = Release;
		};
		525FDF8D2B66E01A0033E6EB /* Debug */ = {
			isa = XCBuildConfiguration;
			buildSettings = {
				ASSETCATALOG_COMPILER_APPICON_NAME = AppIcon;
				ASSETCATALOG_COMPILER_GLOBAL_ACCENT_COLOR_NAME = AccentColor;
				CODE_SIGN_STYLE = Automatic;
				CURRENT_PROJECT_VERSION = 1;
				DEVELOPMENT_ASSET_PATHS = "\"Scrumdinger/Preview Content\"";
				DEVELOPMENT_TEAM = 98KN6NA6DU;
				ENABLE_PREVIEWS = YES;
				GENERATE_INFOPLIST_FILE = YES;
				INFOPLIST_KEY_UIApplicationSceneManifest_Generation = YES;
				INFOPLIST_KEY_UIApplicationSupportsIndirectInputEvents = YES;
				INFOPLIST_KEY_UILaunchScreen_Generation = YES;
				INFOPLIST_KEY_UISupportedInterfaceOrientations_iPad = "UIInterfaceOrientationPortrait UIInterfaceOrientationPortraitUpsideDown UIInterfaceOrientationLandscapeLeft UIInterfaceOrientationLandscapeRight";
				INFOPLIST_KEY_UISupportedInterfaceOrientations_iPhone = "UIInterfaceOrientationPortrait UIInterfaceOrientationLandscapeLeft UIInterfaceOrientationLandscapeRight";
				LD_RUNPATH_SEARCH_PATHS = (
					"$(inherited)",
					"@executable_path/Frameworks",
				);
				MARKETING_VERSION = 1.0;
				PRODUCT_BUNDLE_IDENTIFIER = ca.scrumdinger.Scrumdinger;
				PRODUCT_NAME = "$(TARGET_NAME)";
				SWIFT_EMIT_LOC_STRINGS = YES;
				SWIFT_VERSION = 5.0;
				TARGETED_DEVICE_FAMILY = "1,2";
			};
			name = Debug;
		};
		525FDF8E2B66E01A0033E6EB /* Release */ = {
			isa = XCBuildConfiguration;
			buildSettings = {
				ASSETCATALOG_COMPILER_APPICON_NAME = AppIcon;
				ASSETCATALOG_COMPILER_GLOBAL_ACCENT_COLOR_NAME = AccentColor;
				CODE_SIGN_STYLE = Automatic;
				CURRENT_PROJECT_VERSION = 1;
				DEVELOPMENT_ASSET_PATHS = "\"Scrumdinger/Preview Content\"";
				DEVELOPMENT_TEAM = 98KN6NA6DU;
				ENABLE_PREVIEWS = YES;
				GENERATE_INFOPLIST_FILE = YES;
				INFOPLIST_KEY_UIApplicationSceneManifest_Generation = YES;
				INFOPLIST_KEY_UIApplicationSupportsIndirectInputEvents = YES;
				INFOPLIST_KEY_UILaunchScreen_Generation = YES;
				INFOPLIST_KEY_UISupportedInterfaceOrientations_iPad = "UIInterfaceOrientationPortrait UIInterfaceOrientationPortraitUpsideDown UIInterfaceOrientationLandscapeLeft UIInterfaceOrientationLandscapeRight";
				INFOPLIST_KEY_UISupportedInterfaceOrientations_iPhone = "UIInterfaceOrientationPortrait UIInterfaceOrientationLandscapeLeft UIInterfaceOrientationLandscapeRight";
				LD_RUNPATH_SEARCH_PATHS = (
					"$(inherited)",
					"@executable_path/Frameworks",
				);
				MARKETING_VERSION = 1.0;
				PRODUCT_BUNDLE_IDENTIFIER = ca.scrumdinger.Scrumdinger;
				PRODUCT_NAME = "$(TARGET_NAME)";
				SWIFT_EMIT_LOC_STRINGS = YES;
				SWIFT_VERSION = 5.0;
				TARGETED_DEVICE_FAMILY = "1,2";
			};
			name = Release;
		};
		525FDF902B66E01A0033E6EB /* Debug */ = {
			isa = XCBuildConfiguration;
			buildSettings = {
				ALWAYS_EMBED_SWIFT_STANDARD_LIBRARIES = YES;
				BUNDLE_LOADER = "$(TEST_HOST)";
				CODE_SIGN_STYLE = Automatic;
				CURRENT_PROJECT_VERSION = 1;
				DEVELOPMENT_TEAM = 98KN6NA6DU;
				GENERATE_INFOPLIST_FILE = YES;
				IPHONEOS_DEPLOYMENT_TARGET = 17.2;
				MARKETING_VERSION = 1.0;
				PRODUCT_BUNDLE_IDENTIFIER = ca.scrumdinger.ScrumdingerTests;
				PRODUCT_NAME = "$(TARGET_NAME)";
				SWIFT_EMIT_LOC_STRINGS = NO;
				SWIFT_VERSION = 5.0;
				TARGETED_DEVICE_FAMILY = "1,2";
				TEST_HOST = "$(BUILT_PRODUCTS_DIR)/Scrumdinger.app/$(BUNDLE_EXECUTABLE_FOLDER_PATH)/Scrumdinger";
			};
			name = Debug;
		};
		525FDF912B66E01A0033E6EB /* Release */ = {
			isa = XCBuildConfiguration;
			buildSettings = {
				ALWAYS_EMBED_SWIFT_STANDARD_LIBRARIES = YES;
				BUNDLE_LOADER = "$(TEST_HOST)";
				CODE_SIGN_STYLE = Automatic;
				CURRENT_PROJECT_VERSION = 1;
				DEVELOPMENT_TEAM = 98KN6NA6DU;
				GENERATE_INFOPLIST_FILE = YES;
				IPHONEOS_DEPLOYMENT_TARGET = 17.2;
				MARKETING_VERSION = 1.0;
				PRODUCT_BUNDLE_IDENTIFIER = ca.scrumdinger.ScrumdingerTests;
				PRODUCT_NAME = "$(TARGET_NAME)";
				SWIFT_EMIT_LOC_STRINGS = NO;
				SWIFT_VERSION = 5.0;
				TARGETED_DEVICE_FAMILY = "1,2";
				TEST_HOST = "$(BUILT_PRODUCTS_DIR)/Scrumdinger.app/$(BUNDLE_EXECUTABLE_FOLDER_PATH)/Scrumdinger";
			};
			name = Release;
		};
		525FDF932B66E01A0033E6EB /* Debug */ = {
			isa = XCBuildConfiguration;
			buildSettings = {
				ALWAYS_EMBED_SWIFT_STANDARD_LIBRARIES = YES;
				CODE_SIGN_STYLE = Automatic;
				CURRENT_PROJECT_VERSION = 1;
				DEVELOPMENT_TEAM = 98KN6NA6DU;
				GENERATE_INFOPLIST_FILE = YES;
				MARKETING_VERSION = 1.0;
				PRODUCT_BUNDLE_IDENTIFIER = ca.scrumdinger.ScrumdingerUITests;
				PRODUCT_NAME = "$(TARGET_NAME)";
				SWIFT_EMIT_LOC_STRINGS = NO;
				SWIFT_VERSION = 5.0;
				TARGETED_DEVICE_FAMILY = "1,2";
				TEST_TARGET_NAME = Scrumdinger;
			};
			name = Debug;
		};
		525FDF942B66E01A0033E6EB /* Release */ = {
			isa = XCBuildConfiguration;
			buildSettings = {
				ALWAYS_EMBED_SWIFT_STANDARD_LIBRARIES = YES;
				CODE_SIGN_STYLE = Automatic;
				CURRENT_PROJECT_VERSION = 1;
				DEVELOPMENT_TEAM = 98KN6NA6DU;
				GENERATE_INFOPLIST_FILE = YES;
				MARKETING_VERSION = 1.0;
				PRODUCT_BUNDLE_IDENTIFIER = ca.scrumdinger.ScrumdingerUITests;
				PRODUCT_NAME = "$(TARGET_NAME)";
				SWIFT_EMIT_LOC_STRINGS = NO;
				SWIFT_VERSION = 5.0;
				TARGETED_DEVICE_FAMILY = "1,2";
				TEST_TARGET_NAME = Scrumdinger;
			};
			name = Release;
		};
/* End XCBuildConfiguration section */

/* Begin XCConfigurationList section */
		525FDF632B66E0180033E6EB /* Build configuration list for PBXProject "Scrumdinger" */ = {
			isa = XCConfigurationList;
			buildConfigurations = (
				525FDF8A2B66E01A0033E6EB /* Debug */,
				525FDF8B2B66E01A0033E6EB /* Release */,
			);
			defaultConfigurationIsVisible = 0;
			defaultConfigurationName = Release;
		};
		525FDF8C2B66E01A0033E6EB /* Build configuration list for PBXNativeTarget "Scrumdinger" */ = {
			isa = XCConfigurationList;
			buildConfigurations = (
				525FDF8D2B66E01A0033E6EB /* Debug */,
				525FDF8E2B66E01A0033E6EB /* Release */,
			);
			defaultConfigurationIsVisible = 0;
			defaultConfigurationName = Release;
		};
		525FDF8F2B66E01A0033E6EB /* Build configuration list for PBXNativeTarget "ScrumdingerTests" */ = {
			isa = XCConfigurationList;
			buildConfigurations = (
				525FDF902B66E01A0033E6EB /* Debug */,
				525FDF912B66E01A0033E6EB /* Release */,
			);
			defaultConfigurationIsVisible = 0;
			defaultConfigurationName = Release;
		};
		525FDF922B66E01A0033E6EB /* Build configuration list for PBXNativeTarget "ScrumdingerUITests" */ = {
			isa = XCConfigurationList;
			buildConfigurations = (
				525FDF932B66E01A0033E6EB /* Debug */,
				525FDF942B66E01A0033E6EB /* Release */,
			);
			defaultConfigurationIsVisible = 0;
			defaultConfigurationName = Release;
		};
/* End XCConfigurationList section */
	};
	rootObject = 525FDF602B66E0180033E6EB /* Project object */;
}
